PODS:
  - Bolts (1.1.2)
  - Facebook-iOS-SDK (3.18.0):
    - Bolts
  - WebViewJavascriptBridge (4.0.1)

DEPENDENCIES:
  - Facebook-iOS-SDK (~> 3.18)
  - WebViewJavascriptBridge (~> 4.0.1)

SPEC CHECKSUMS:
  Bolts: 2635e8698a630774689441047f3465d78c48d485
  Facebook-iOS-SDK: fa12c51cc57bfb6f92e47793c9d4d2c65bc92741
  WebViewJavascriptBridge: 2b464833619ac73a7b7c0561a669e75ef346db9e

COCOAPODS: 0.33.1
